
Microsoft Visual Studio Solution File, Format Version 12.00
# Visual Studio Version 16
VisualStudioVersion = 16.0.30907.101
MinimumVisualStudioVersion = 10.0.40219.1
Project("{FAE04EC0-301F-11D3-BF4B-00C04F79EFBC}") = "AzureFuncs", "AzureFuncs\AzureFuncs.csproj", "{80AB9912-5673-415A-BCCB-5CC0AC2991A1}"
EndProject
Global
	GlobalSection(SolutionConfigurationPlatforms) = preSolution
		Debug|Any CPU = Debug|Any CPU
		Release|Any CPU = Release|Any CPU
	EndGlobalSection
	GlobalSection(ProjectConfigurationPlatforms) = postSolution
		{80AB9912-5673-415A-BCCB-5CC0AC2991A1}.Debug|Any CPU.ActiveCfg = Debug|Any CPU
		{80AB9912-5673-415A-BCCB-5CC0AC2991A1}.Debug|Any CPU.Build.0 = Debug|Any CPU
		{80AB9912-5673-415A-BCCB-5CC0AC2991A1}.Release|Any CPU.ActiveCfg = Release|Any CPU
		{80AB9912-5673-415A-BCCB-5CC0AC2991A1}.Release|Any CPU.Build.0 = Release|Any CPU
	EndGlobalSection
	GlobalSection(SolutionProperties) = preSolution
		HideSolutionNode = FALSE
	EndGlobalSection
	GlobalSection(ExtensibilityGlobals) = postSolution
		SolutionGuid = {644905DA-9EB3-40BF-893B-DDB663CFEDE9}
	EndGlobalSection
EndGlobal
